// !$*UTF8*$!
{
	archiveVersion = 1;
	classes = {
	};
	objectVersion = 46;
	objects = {

/* Begin PBXBuildFile section */
		048082821CB49C2300755760 /* Foundation.framework in Frameworks */ = {isa = PBXBuildFile; fileRef = 048082811CB49C2300755760 /* Foundation.framework */; };
		048082851CB49C2300755760 /* main.m in Sources */ = {isa = PBXBuildFile; fileRef = 048082841CB49C2300755760 /* main.m */; };
		048082891CB49C2300755760 /* __6.1 in CopyFiles */ = {isa = PBXBuildFile; fileRef = 048082881CB49C2300755760 /* __6.1 */; };
		048082911CB49DC900755760 /* Atom.m in Sources */ = {isa = PBXBuildFile; fileRef = 048082901CB49DC900755760 /* Atom.m */; };
		048082941CB49ED000755760 /* Animal.m in Sources */ = {isa = PBXBuildFile; fileRef = 048082931CB49ED000755760 /* Animal.m */; };
		048082971CB49F3500755760 /* People.m in Sources */ = {isa = PBXBuildFile; fileRef = 048082961CB49F3500755760 /* People.m */; };
		0480829A1CB4A2DF00755760 /* Mouse.m in Sources */ = {isa = PBXBuildFile; fileRef = 048082991CB4A2DF00755760 /* Mouse.m */; };
/* End PBXBuildFile section */

/* Begin PBXCopyFilesBuildPhase section */
		0480827C1CB49C2300755760 /* CopyFiles */ = {
			isa = PBXCopyFilesBuildPhase;
			buildActionMask = 2147483647;
			dstPath = /usr/share/man/man1/;
			dstSubfolderSpec = 0;
			files = (
				048082891CB49C2300755760 /* __6.1 in CopyFiles */,
			);
			runOnlyForDeploymentPostprocessing = 1;
		};
/* End PBXCopyFilesBuildPhase section */

/* Begin PBXFileReference section */
		0480827E1CB49C2300755760 /* 4-6 */ = {isa = PBXFileReference; explicitFileType = "compiled.mach-o.executable"; includeInIndex = 0; path = "4-6"; sourceTree = BUILT_PRODUCTS_DIR; };
		048082811CB49C2300755760 /* Foundation.framework */ = {isa = PBXFileReference; lastKnownFileType = wrapper.framework; name = Foundation.framework; path = System/Library/Frameworks/Foundation.framework; sourceTree = SDKROOT; };
		048082841CB49C2300755760 /* main.m */ = {isa = PBXFileReference; lastKnownFileType = sourcecode.c.objc; path = main.m; sourceTree = "<group>"; };
		048082871CB49C2300755760 /* 4-6-Prefix.pch */ = {isa = PBXFileReference; lastKnownFileType = sourcecode.c.h; path = "4-6-Prefix.pch"; sourceTree = "<group>"; };
		048082881CB49C2300755760 /* __6.1 */ = {isa = PBXFileReference; lastKnownFileType = text.man; path = __6.1; sourceTree = "<group>"; };
		0480828F1CB49DC900755760 /* Atom.h */ = {isa = PBXFileReference; fileEncoding = 4; lastKnownFileType = sourcecode.c.h; path = Atom.h; sourceTree = "<group>"; };
		048082901CB49DC900755760 /* Atom.m */ = {isa = PBXFileReference; fileEncoding = 4; lastKnownFileType = sourcecode.c.objc; path = Atom.m; sourceTree = "<group>"; };
		048082921CB49ED000755760 /* Animal.h */ = {isa = PBXFileReference; fileEncoding = 4; lastKnownFileType = sourcecode.c.h; path = Animal.h; sourceTree = "<group>"; };
		048082931CB49ED000755760 /* Animal.m */ = {isa = PBXFileReference; fileEncoding = 4; lastKnownFileType = sourcecode.c.objc; path = Animal.m; sourceTree = "<group>"; };
		048082951CB49F3500755760 /* People.h */ = {isa = PBXFileReference; fileEncoding = 4; lastKnownFileType = sourcecode.c.h; path = People.h; sourceTree = "<group>"; };
		048082961CB49F3500755760 /* People.m */ = {isa = PBXFileReference; fileEncoding = 4; lastKnownFileType = sourcecode.c.objc; path = People.m; sourceTree = "<group>"; };
		048082981CB4A2DF00755760 /* Mouse.h */ = {isa = PBXFileReference; fileEncoding = 4; lastKnownFileType = sourcecode.c.h; path = Mouse.h; sourceTree = "<group>"; };
		048082991CB4A2DF00755760 /* Mouse.m */ = {isa = PBXFileReference; fileEncoding = 4; lastKnownFileType = sourcecode.c.objc; path = Mouse.m; sourceTree = "<group>"; };
/* End PBXFileReference section */

/* Begin PBXFrameworksBuildPhase section */
		0480827B1CB49C2300755760 /* Frameworks */ = {
			isa = PBXFrameworksBuildPhase;
			buildActionMask = 2147483647;
			files = (
				048082821CB49C2300755760 /* Foundation.framework in Frameworks */,
			);
			runOnlyForDeploymentPostprocessing = 0;
		};
/* End PBXFrameworksBuildPhase section */

/* Begin PBXGroup section */
		048082751CB49C2300755760 = {
			isa = PBXGroup;
			children = (
				048082831CB49C2300755760 /* 4-6 */,
				048082801CB49C2300755760 /* Frameworks */,
				0480827F1CB49C2300755760 /* Products */,
			);
			sourceTree = "<group>";
		};
		0480827F1CB49C2300755760 /* Products */ = {
			isa = PBXGroup;
			children = (
				0480827E1CB49C2300755760 /* 4-6 */,
			);
			name = Products;
			sourceTree = "<group>";
		};
		048082801CB49C2300755760 /* Frameworks */ = {
			isa = PBXGroup;
			children = (
				048082811CB49C2300755760 /* Foundation.framework */,
			);
			name = Frameworks;
			sourceTree = "<group>";
		};
		048082831CB49C2300755760 /* 4-6 */ = {
			isa = PBXGroup;
			children = (
				048082841CB49C2300755760 /* main.m */,
				048082981CB4A2DF00755760 /* Mouse.h */,
				048082991CB4A2DF00755760 /* Mouse.m */,
				048082921CB49ED000755760 /* Animal.h */,
				048082931CB49ED000755760 /* Animal.m */,
				048082951CB49F3500755760 /* People.h */,
				048082961CB49F3500755760 /* People.m */,
				0480828F1CB49DC900755760 /* Atom.h */,
				048082901CB49DC900755760 /* Atom.m */,
				048082881CB49C2300755760 /* __6.1 */,
				048082861CB49C2300755760 /* Supporting Files */,
			);
			path = "4-6";
			sourceTree = "<group>";
		};
		048082861CB49C2300755760 /* Supporting Files */ = {
			isa = PBXGroup;
			children = (
				048082871CB49C2300755760 /* 4-6-Prefix.pch */,
			);
			name = "Supporting Files";
			sourceTree = "<group>";
		};
/* End PBXGroup section */

/* Begin PBXNativeTarget section */
		0480827D1CB49C2300755760 /* 4-6 */ = {
			isa = PBXNativeTarget;
			buildConfigurationList = 0480828C1CB49C2300755760 /* Build configuration list for PBXNativeTarget "4-6" */;
			buildPhases = (
				0480827A1CB49C2300755760 /* Sources */,
				0480827B1CB49C2300755760 /* Frameworks */,
				0480827C1CB49C2300755760 /* CopyFiles */,
			);
			buildRules = (
			);
			dependencies = (
			);
			name = "4-6";
			productName = "4-6";
			productReference = 0480827E1CB49C2300755760 /* 4-6 */;
			productType = "com.apple.product-type.tool";
		};
/* End PBXNativeTarget section */

/* Begin PBXProject section */
		048082761CB49C2300755760 /* Project object */ = {
			isa = PBXProject;
			attributes = {
				LastUpgradeCheck = 0510;
				ORGANIZATIONNAME = liaomengshi;
			};
			buildConfigurationList = 048082791CB49C2300755760 /* Build configuration list for PBXProject "4-6" */;
			compatibilityVersion = "Xcode 3.2";
			developmentRegion = English;
			hasScannedForEncodings = 0;
			knownRegions = (
				en,
			);
			mainGroup = 048082751CB49C2300755760;
			productRefGroup = 0480827F1CB49C2300755760 /* Products */;
			projectDirPath = "";
			projectRoot = "";
			targets = (
				0480827D1CB49C2300755760 /* 4-6 */,
			);
		};
/* End PBXProject section */

/* Begin PBXSourcesBuildPhase section */
		0480827A1CB49C2300755760 /* Sources */ = {
			isa = PBXSourcesBuildPhase;
			buildActionMask = 2147483647;
			files = (
				048082971CB49F3500755760 /* People.m in Sources */,
				048082941CB49ED000755760 /* Animal.m in Sources */,
				048082911CB49DC900755760 /* Atom.m in Sources */,
				0480829A1CB4A2DF00755760 /* Mouse.m in Sources */,
				048082851CB49C2300755760 /* main.m in Sources */,
			);
			runOnlyForDeploymentPostprocessing = 0;
		};
/* End PBXSourcesBuildPhase section */

/* Begin XCBuildConfiguration section */
		0480828A1CB49C2300755760 /* Debug */ = {
			isa = XCBuildConfiguration;
			buildSettings = {
				ALWAYS_SEARCH_USER_PATHS = NO;
				CLANG_CXX_LANGUAGE_STANDARD = "gnu++0x";
				CLANG_CXX_LIBRARY = "libc++";
				CLANG_ENABLE_MODULES = YES;
				CLANG_ENABLE_OBJC_ARC = YES;
				CLANG_WARN_BOOL_CONVERSION = YES;
				CLANG_WARN_CONSTANT_CONVERSION = YES;
				CLANG_WARN_DIRECT_OBJC_ISA_USAGE = YES_ERROR;
				CLANG_WARN_EMPTY_BODY = YES;
				CLANG_WARN_ENUM_CONVERSION = YES;
				CLANG_WARN_INT_CONVERSION = YES;
				CLANG_WARN_OBJC_ROOT_CLASS = YES_ERROR;
				CLANG_WARN__DUPLICATE_METHOD_MATCH = YES;
				COPY_PHASE_STRIP = NO;
				GCC_C_LANGUAGE_STANDARD = gnu99;
				GCC_DYNAMIC_NO_PIC = NO;
				GCC_ENABLE_OBJC_EXCEPTIONS = YES;
				GCC_OPTIMIZATION_LEVEL = 0;
				GCC_PREPROCESSOR_DEFINITIONS = (
					"DEBUG=1",
					"$(inherited)",
				);
				GCC_SYMBOLS_PRIVATE_EXTERN = NO;
				GCC_WARN_64_TO_32_BIT_CONVERSION = YES;
				GCC_WARN_ABOUT_RETURN_TYPE = YES_ERROR;
				GCC_WARN_UNDECLARED_SELECTOR = YES;
				GCC_WARN_UNINITIALIZED_AUTOS = YES_AGGRESSIVE;
				GCC_WARN_UNUSED_FUNCTION = YES;
				GCC_WARN_UNUSED_VARIABLE = YES;
				MACOSX_DEPLOYMENT_TARGET = 10.9;
				ONLY_ACTIVE_ARCH = YES;
				SDKROOT = macosx;
			};
			name = Debug;
		};
		0480828B1CB49C2300755760 /* Release */ = {
			isa = XCBuildConfiguration;
			buildSettings = {
				ALWAYS_SEARCH_USER_PATHS = NO;
				CLANG_CXX_LANGUAGE_STANDARD = "gnu++0x";
				CLANG_CXX_LIBRARY = "libc++";
				CLANG_ENABLE_MODULES = YES;
				CLANG_ENABLE_OBJC_ARC = YES;
				CLANG_WARN_BOOL_CONVERSION = YES;
				CLANG_WARN_CONSTANT_CONVERSION = YES;
				CLANG_WARN_DIRECT_OBJC_ISA_USAGE = YES_ERROR;
				CLANG_WARN_EMPTY_BODY = YES;
				CLANG_WARN_ENUM_CONVERSION = YES;
				CLANG_WARN_INT_CONVERSION = YES;
				CLANG_WARN_OBJC_ROOT_CLASS = YES_ERROR;
				CLANG_WARN__DUPLICATE_METHOD_MATCH = YES;
				COPY_PHASE_STRIP = YES;
				DEBUG_INFORMATION_FORMAT = "dwarf-with-dsym";
				ENABLE_NS_ASSERTIONS = NO;
				GCC_C_LANGUAGE_STANDARD = gnu99;
				GCC_ENABLE_OBJC_EXCEPTIONS = YES;
				GCC_WARN_64_TO_32_BIT_CONVERSION = YES;
				GCC_WARN_ABOUT_RETURN_TYPE = YES_ERROR;
				GCC_WARN_UNDECLARED_SELECTOR = YES;
				GCC_WARN_UNINITIALIZED_AUTOS = YES_AGGRESSIVE;
				GCC_WARN_UNUSED_FUNCTION = YES;
				GCC_WARN_UNUSED_VARIABLE = YES;
				MACOSX_DEPLOYMENT_TARGET = 10.9;
				SDKROOT = macosx;
			};
			name = Release;
		};
		0480828D1CB49C2300755760 /* Debug */ = {
			isa = XCBuildConfiguration;
			buildSettings = {
				GCC_PRECOMPILE_PREFIX_HEADER = YES;
				GCC_PREFIX_HEADER = "4-6/4-6-Prefix.pch";
				PRODUCT_NAME = "$(TARGET_NAME)";
			};
			name = Debug;
		};
		0480828E1CB49C2300755760 /* Release */ = {
			isa = XCBuildConfiguration;
			buildSettings = {
				GCC_PRECOMPILE_PREFIX_HEADER = YES;
				GCC_PREFIX_HEADER = "4-6/4-6-Prefix.pch";
				PRODUCT_NAME = "$(TARGET_NAME)";
			};
			name = Release;
		};
/* End XCBuildConfiguration section */

/* Begin XCConfigurationList section */
		048082791CB49C2300755760 /* Build configuration list for PBXProject "4-6" */ = {
			isa = XCConfigurationList;
			buildConfigurations = (
				0480828A1CB49C2300755760 /* Debug */,
				0480828B1CB49C2300755760 /* Release */,
			);
			defaultConfigurationIsVisible = 0;
			defaultConfigurationName = Release;
		};
		0480828C1CB49C2300755760 /* Build configuration list for PBXNativeTarget "4-6" */ = {
			isa = XCConfigurationList;
			buildConfigurations = (
				0480828D1CB49C2300755760 /* Debug */,
				0480828E1CB49C2300755760 /* Release */,
			);
			defaultConfigurationIsVisible = 0;
			defaultConfigurationName = Release;
		};
/* End XCConfigurationList section */
	};
	rootObject = 048082761CB49C2300755760 /* Project object */;
}
